golang.org/dl v0.0.0-20240403152604-14e4fcb94860 h1:9g5WE4dK7khgYZbai0ctoUrwdOy6k/2piYFzJv6zRks=
golang.org/dl v0.0.0-20240403152604-14e4fcb94860/go.mod h1:fwQ+hlTD8I6TIzOGkQqxQNfE2xqR+y7SzGaDkksVFkw=
golang.org/x/net v0.24.0 h1:1PcaxkF854Fu3+lvBIx5SYn9wRlBzzcnHZSiaFFAb0w=
golang.org/x/net v0.24.0/go.mod h1:2Q7sJY5mzlzWjKtYUEXSlBWCdyaioyXzRB2RtU8KVE8=
golang.org/x/text v0.14.0 h1:ScX5w1eTa3QqT8oi6+ziP7dTV1S2+ALU0bI+0zXKWiQ=
golang.org/x/text v0.14.0/go.mod h1:18ZOQIKpY8NJVqYksKHtTdi31H5itFRjB5/qKTNYzSU=
